
Microsoft Visual Studio Solution File, Format Version 11.00
# Visual Studio 2010
Project("{159641D6-6404-4A2A-AE62-294DE0FE8301}") = "Autolatino", "Autolatino\Autolatino.dtproj", "{A25B8534-AFCF-46F9-A7C5-C31D62F3E29A}"
EndProject
Global
	GlobalSection(SolutionConfigurationPlatforms) = preSolution
		Development|Default = Development|Default
	EndGlobalSection
	GlobalSection(ProjectConfigurationPlatforms) = postSolution
		{A25B8534-AFCF-46F9-A7C5-C31D62F3E29A}.Development|Default.ActiveCfg = Development
		{A25B8534-AFCF-46F9-A7C5-C31D62F3E29A}.Development|Default.Build.0 = Development
	EndGlobalSection
	GlobalSection(SolutionProperties) = preSolution
		HideSolutionNode = FALSE
	EndGlobalSection
EndGlobal
